
Microsoft Visual Studio Solution File, Format Version 12.00
# Visual Studio Version 17
VisualStudioVersion = 17.12.35521.163 d17.12
MinimumVisualStudioVersion = 10.0.40219.1
Project("{FAE04EC0-301F-11D3-BF4B-00C04F79EFBC}") = "Online-staj-otomasyonu", "Online-staj-otomasyonu.csproj", "{402AAE2C-25D9-4823-8D13-FB4767B729A4}"
EndProject
Global
	GlobalSection(SolutionConfigurationPlatforms) = preSolution
		Debug|Any CPU = Debug|Any CPU
		Release|Any CPU = Release|Any CPU
	EndGlobalSection
	GlobalSection(ProjectConfigurationPlatforms) = postSolution
		{402AAE2C-25D9-4823-8D13-FB4767B729A4}.Debug|Any CPU.ActiveCfg = Debug|Any CPU
		{402AAE2C-25D9-4823-8D13-FB4767B729A4}.Debug|Any CPU.Build.0 = Debug|Any CPU
		{402AAE2C-25D9-4823-8D13-FB4767B729A4}.Release|Any CPU.ActiveCfg = Release|Any CPU
		{402AAE2C-25D9-4823-8D13-FB4767B729A4}.Release|Any CPU.Build.0 = Release|Any CPU
	EndGlobalSection
	GlobalSection(SolutionProperties) = preSolution
		HideSolutionNode = FALSE
	EndGlobalSection
EndGlobal
